
Microsoft Visual Studio Solution File, Format Version 12.00
# Visual Studio Version 17
VisualStudioVersion = 17.4.33110.190
MinimumVisualStudioVersion = 10.0.40219.1
Project("{FAE04EC0-301F-11D3-BF4B-00C04F79EFBC}") = "Pancakes", "Pancakes\Pancakes.csproj", "{78D07C4E-94A5-48A6-86F3-4D85D3AB6056}"
EndProject
Global
	GlobalSection(SolutionConfigurationPlatforms) = preSolution
		Debug|Any CPU = Debug|Any CPU
		Release|Any CPU = Release|Any CPU
	EndGlobalSection
	GlobalSection(ProjectConfigurationPlatforms) = postSolution
		{78D07C4E-94A5-48A6-86F3-4D85D3AB6056}.Debug|Any CPU.ActiveCfg = Debug|Any CPU
		{78D07C4E-94A5-48A6-86F3-4D85D3AB6056}.Debug|Any CPU.Build.0 = Debug|Any CPU
		{78D07C4E-94A5-48A6-86F3-4D85D3AB6056}.Release|Any CPU.ActiveCfg = Release|Any CPU
		{78D07C4E-94A5-48A6-86F3-4D85D3AB6056}.Release|Any CPU.Build.0 = Release|Any CPU
	EndGlobalSection
	GlobalSection(SolutionProperties) = preSolution
		HideSolutionNode = FALSE
	EndGlobalSection
	GlobalSection(ExtensibilityGlobals) = postSolution
		SolutionGuid = {344DF2CB-EFFD-4C67-9B21-FA12DDF49E6C}
	EndGlobalSection
EndGlobal
