
Microsoft Visual Studio Solution File, Format Version 12.00
# Visual Studio Version 17
VisualStudioVersion = 17.4.33110.190
MinimumVisualStudioVersion = 10.0.40219.1
Project("{FAE04EC0-301F-11D3-BF4B-00C04F79EFBC}") = "Bottom", "Bottom\Bottom.csproj", "{D92A3D5D-1AA9-409F-A8E2-0E56D72E2F2B}"
EndProject
Global
	GlobalSection(SolutionConfigurationPlatforms) = preSolution
		Debug|Any CPU = Debug|Any CPU
		Release|Any CPU = Release|Any CPU
	EndGlobalSection
	GlobalSection(ProjectConfigurationPlatforms) = postSolution
		{D92A3D5D-1AA9-409F-A8E2-0E56D72E2F2B}.Debug|Any CPU.ActiveCfg = Debug|Any CPU
		{D92A3D5D-1AA9-409F-A8E2-0E56D72E2F2B}.Debug|Any CPU.Build.0 = Debug|Any CPU
		{D92A3D5D-1AA9-409F-A8E2-0E56D72E2F2B}.Release|Any CPU.ActiveCfg = Release|Any CPU
		{D92A3D5D-1AA9-409F-A8E2-0E56D72E2F2B}.Release|Any CPU.Build.0 = Release|Any CPU
	EndGlobalSection
	GlobalSection(SolutionProperties) = preSolution
		HideSolutionNode = FALSE
	EndGlobalSection
	GlobalSection(ExtensibilityGlobals) = postSolution
		SolutionGuid = {1A64FC75-B587-457C-AC31-742300ACC598}
	EndGlobalSection
EndGlobal
