
Microsoft Visual Studio Solution File, Format Version 12.00
# Visual Studio Version 17
VisualStudioVersion = 17.4.33110.190
MinimumVisualStudioVersion = 10.0.40219.1
Project("{FAE04EC0-301F-11D3-BF4B-00C04F79EFBC}") = "Biggest Formed Number", "Biggest Formed Number\Biggest Formed Number.csproj", "{EF653BEA-6E59-423A-AC68-46931E535876}"
EndProject
Global
	GlobalSection(SolutionConfigurationPlatforms) = preSolution
		Debug|Any CPU = Debug|Any CPU
		Release|Any CPU = Release|Any CPU
	EndGlobalSection
	GlobalSection(ProjectConfigurationPlatforms) = postSolution
		{EF653BEA-6E59-423A-AC68-46931E535876}.Debug|Any CPU.ActiveCfg = Debug|Any CPU
		{EF653BEA-6E59-423A-AC68-46931E535876}.Debug|Any CPU.Build.0 = Debug|Any CPU
		{EF653BEA-6E59-423A-AC68-46931E535876}.Release|Any CPU.ActiveCfg = Release|Any CPU
		{EF653BEA-6E59-423A-AC68-46931E535876}.Release|Any CPU.Build.0 = Release|Any CPU
	EndGlobalSection
	GlobalSection(SolutionProperties) = preSolution
		HideSolutionNode = FALSE
	EndGlobalSection
	GlobalSection(ExtensibilityGlobals) = postSolution
		SolutionGuid = {47952345-6ED0-41B4-B68E-29CB4F680FFF}
	EndGlobalSection
EndGlobal
